// !$*UTF8*$!
{
	archiveVersion = 1;
	classes = {
	};
	objectVersion = 56;
	objects = {

/* Begin PBXBuildFile section */
		58631CF02A120223000CD1DB /* LandmarksApp.swift in Sources */ = {isa = PBXBuildFile; fileRef = 58631CEF2A120223000CD1DB /* LandmarksApp.swift */; };
		58631CF22A120223000CD1DB /* ContentView.swift in Sources */ = {isa = PBXBuildFile; fileRef = 58631CF12A120223000CD1DB /* ContentView.swift */; };
		58631CF42A120224000CD1DB /* Assets.xcassets in Resources */ = {isa = PBXBuildFile; fileRef = 58631CF32A120224000CD1DB /* Assets.xcassets */; };
		58631CF72A120224000CD1DB /* Preview Assets.xcassets in Resources */ = {isa = PBXBuildFile; fileRef = 58631CF62A120224000CD1DB /* Preview Assets.xcassets */; };
		58631CFE2A1204DB000CD1DB /* CircleImage.swift in Sources */ = {isa = PBXBuildFile; fileRef = 58631CFD2A1204DB000CD1DB /* CircleImage.swift */; };
		58631D002A120596000CD1DB /* MapView.swift in Sources */ = {isa = PBXBuildFile; fileRef = 58631CFF2A120596000CD1DB /* MapView.swift */; };
		58631D022A120B06000CD1DB /* landmarkData.json in Resources */ = {isa = PBXBuildFile; fileRef = 58631D012A120B06000CD1DB /* landmarkData.json */; };
		58631D042A120B20000CD1DB /* Landmark.swift in Sources */ = {isa = PBXBuildFile; fileRef = 58631D032A120B20000CD1DB /* Landmark.swift */; };
		58631D0B2A120D67000CD1DB /* LandmarkRow.swift in Sources */ = {isa = PBXBuildFile; fileRef = 58631D0A2A120D67000CD1DB /* LandmarkRow.swift */; };
		58631D0D2A120FCA000CD1DB /* LandmarkList.swift in Sources */ = {isa = PBXBuildFile; fileRef = 58631D0C2A120FCA000CD1DB /* LandmarkList.swift */; };
		58631D0F2A12115C000CD1DB /* ModelData.swift in Sources */ = {isa = PBXBuildFile; fileRef = 58631D0E2A12115C000CD1DB /* ModelData.swift */; };
		58E2842B2A1218E800B551FC /* LandmarkDetail.swift in Sources */ = {isa = PBXBuildFile; fileRef = 58E2842A2A1218E800B551FC /* LandmarkDetail.swift */; };
		58E2842D2A12309100B551FC /* FavoriteButton.swift in Sources */ = {isa = PBXBuildFile; fileRef = 58E2842C2A12309100B551FC /* FavoriteButton.swift */; };
/* End PBXBuildFile section */

/* Begin PBXFileReference section */
		58631CEC2A120223000CD1DB /* Landmarks.app */ = {isa = PBXFileReference; explicitFileType = wrapper.application; includeInIndex = 0; path = Landmarks.app; sourceTree = BUILT_PRODUCTS_DIR; };
		58631CEF2A120223000CD1DB /* LandmarksApp.swift */ = {isa = PBXFileReference; lastKnownFileType = sourcecode.swift; path = LandmarksApp.swift; sourceTree = "<group>"; };
		58631CF12A120223000CD1DB /* ContentView.swift */ = {isa = PBXFileReference; lastKnownFileType = sourcecode.swift; path = ContentView.swift; sourceTree = "<group>"; };
		58631CF32A120224000CD1DB /* Assets.xcassets */ = {isa = PBXFileReference; lastKnownFileType = folder.assetcatalog; path = Assets.xcassets; sourceTree = "<group>"; };
		58631CF62A120224000CD1DB /* Preview Assets.xcassets */ = {isa = PBXFileReference; lastKnownFileType = folder.assetcatalog; path = "Preview Assets.xcassets"; sourceTree = "<group>"; };
		58631CFD2A1204DB000CD1DB /* CircleImage.swift */ = {isa = PBXFileReference; lastKnownFileType = sourcecode.swift; path = CircleImage.swift; sourceTree = "<group>"; };
		58631CFF2A120596000CD1DB /* MapView.swift */ = {isa = PBXFileReference; lastKnownFileType = sourcecode.swift; path = MapView.swift; sourceTree = "<group>"; };
		58631D012A120B06000CD1DB /* landmarkData.json */ = {isa = PBXFileReference; fileEncoding = 4; lastKnownFileType = text.json; path = landmarkData.json; sourceTree = "<group>"; };
		58631D032A120B20000CD1DB /* Landmark.swift */ = {isa = PBXFileReference; lastKnownFileType = sourcecode.swift; path = Landmark.swift; sourceTree = "<group>"; };
		58631D0A2A120D67000CD1DB /* LandmarkRow.swift */ = {isa = PBXFileReference; lastKnownFileType = sourcecode.swift; path = LandmarkRow.swift; sourceTree = "<group>"; };
		58631D0C2A120FCA000CD1DB /* LandmarkList.swift */ = {isa = PBXFileReference; lastKnownFileType = sourcecode.swift; path = LandmarkList.swift; sourceTree = "<group>"; };
		58631D0E2A12115C000CD1DB /* ModelData.swift */ = {isa = PBXFileReference; lastKnownFileType = sourcecode.swift; path = ModelData.swift; sourceTree = "<group>"; };
		58E2842A2A1218E800B551FC /* LandmarkDetail.swift */ = {isa = PBXFileReference; lastKnownFileType = sourcecode.swift; path = LandmarkDetail.swift; sourceTree = "<group>"; };
		58E2842C2A12309100B551FC /* FavoriteButton.swift */ = {isa = PBXFileReference; lastKnownFileType = sourcecode.swift; path = FavoriteButton.swift; sourceTree = "<group>"; };
/* End PBXFileReference section */

/* Begin PBXFrameworksBuildPhase section */
		58631CE92A120223000CD1DB /* Frameworks */ = {
			isa = PBXFrameworksBuildPhase;
			buildActionMask = 2147483647;
			files = (
			);
			runOnlyForDeploymentPostprocessing = 0;
		};
/* End PBXFrameworksBuildPhase section */

/* Begin PBXGroup section */
		58631CE32A120223000CD1DB = {
			isa = PBXGroup;
			children = (
				58631CEE2A120223000CD1DB /* Landmarks */,
				58631CED2A120223000CD1DB /* Products */,
			);
			sourceTree = "<group>";
		};
		58631CED2A120223000CD1DB /* Products */ = {
			isa = PBXGroup;
			children = (
				58631CEC2A120223000CD1DB /* Landmarks.app */,
			);
			name = Products;
			sourceTree = "<group>";
		};
		58631CEE2A120223000CD1DB /* Landmarks */ = {
			isa = PBXGroup;
			children = (
				58631CEF2A120223000CD1DB /* LandmarksApp.swift */,
				58631D082A120D15000CD1DB /* Views */,
				58631D072A120D0B000CD1DB /* Model */,
				58631D092A120D25000CD1DB /* Resources */,
				58631CF32A120224000CD1DB /* Assets.xcassets */,
				58631CF52A120224000CD1DB /* Preview Content */,
			);
			path = Landmarks;
			sourceTree = "<group>";
		};
		58631CF52A120224000CD1DB /* Preview Content */ = {
			isa = PBXGroup;
			children = (
				58631CF62A120224000CD1DB /* Preview Assets.xcassets */,
			);
			path = "Preview Content";
			sourceTree = "<group>";
		};
		58631D072A120D0B000CD1DB /* Model */ = {
			isa = PBXGroup;
			children = (
				58631D0E2A12115C000CD1DB /* ModelData.swift */,
				58631D032A120B20000CD1DB /* Landmark.swift */,
			);
			path = Model;
			sourceTree = "<group>";
		};
		58631D082A120D15000CD1DB /* Views */ = {
			isa = PBXGroup;
			children = (
				58631CF12A120223000CD1DB /* ContentView.swift */,
				58E2842E2A12310000B551FC /* Landmarks */,
				58E2842F2A12310D00B551FC /* Helpers */,
			);
			path = Views;
			sourceTree = "<group>";
		};
		58631D092A120D25000CD1DB /* Resources */ = {
			isa = PBXGroup;
			children = (
				58631D012A120B06000CD1DB /* landmarkData.json */,
			);
			path = Resources;
			sourceTree = "<group>";
		};
		58E2842E2A12310000B551FC /* Landmarks */ = {
			isa = PBXGroup;
			children = (
				58631D0A2A120D67000CD1DB /* LandmarkRow.swift */,
				58631D0C2A120FCA000CD1DB /* LandmarkList.swift */,
				58E2842A2A1218E800B551FC /* LandmarkDetail.swift */,
			);
			path = Landmarks;
			sourceTree = "<group>";
		};
		58E2842F2A12310D00B551FC /* Helpers */ = {
			isa = PBXGroup;
			children = (
				58631CFF2A120596000CD1DB /* MapView.swift */,
				58E2842C2A12309100B551FC /* FavoriteButton.swift */,
				58631CFD2A1204DB000CD1DB /* CircleImage.swift */,
			);
			path = Helpers;
			sourceTree = "<group>";
		};
/* End PBXGroup section */

/* Begin PBXNativeTarget section */
		58631CEB2A120223000CD1DB /* Landmarks */ = {
			isa = PBXNativeTarget;
			buildConfigurationList = 58631CFA2A120224000CD1DB /* Build configuration list for PBXNativeTarget "Landmarks" */;
			buildPhases = (
				58631CE82A120223000CD1DB /* Sources */,
				58631CE92A120223000CD1DB /* Frameworks */,
				58631CEA2A120223000CD1DB /* Resources */,
			);
			buildRules = (
			);
			dependencies = (
			);
			name = Landmarks;
			productName = Landmarks;
			productReference = 58631CEC2A120223000CD1DB /* Landmarks.app */;
			productType = "com.apple.product-type.application";
		};
/* End PBXNativeTarget section */

/* Begin PBXProject section */
		58631CE42A120223000CD1DB /* Project object */ = {
			isa = PBXProject;
			attributes = {
				BuildIndependentTargetsInParallel = 1;
				LastSwiftUpdateCheck = 1420;
				LastUpgradeCheck = 1420;
				TargetAttributes = {
					58631CEB2A120223000CD1DB = {
						CreatedOnToolsVersion = 14.2;
					};
				};
			};
			buildConfigurationList = 58631CE72A120223000CD1DB /* Build configuration list for PBXProject "Landmarks" */;
			compatibilityVersion = "Xcode 14.0";
			developmentRegion = en;
			hasScannedForEncodings = 0;
			knownRegions = (
				en,
				Base,
			);
			mainGroup = 58631CE32A120223000CD1DB;
			productRefGroup = 58631CED2A120223000CD1DB /* Products */;
			projectDirPath = "";
			projectRoot = "";
			targets = (
				58631CEB2A120223000CD1DB /* Landmarks */,
			);
		};
/* End PBXProject section */

/* Begin PBXResourcesBuildPhase section */
		58631CEA2A120223000CD1DB /* Resources */ = {
			isa = PBXResourcesBuildPhase;
			buildActionMask = 2147483647;
			files = (
				58631CF72A120224000CD1DB /* Preview Assets.xcassets in Resources */,
				58631CF42A120224000CD1DB /* Assets.xcassets in Resources */,
				58631D022A120B06000CD1DB /* landmarkData.json in Resources */,
			);
			runOnlyForDeploymentPostprocessing = 0;
		};
/* End PBXResourcesBuildPhase section */

/* Begin PBXSourcesBuildPhase section */
		58631CE82A120223000CD1DB /* Sources */ = {
			isa = PBXSourcesBuildPhase;
			buildActionMask = 2147483647;
			files = (
				58631CF22A120223000CD1DB /* ContentView.swift in Sources */,
				58631D002A120596000CD1DB /* MapView.swift in Sources */,
				58631CF02A120223000CD1DB /* LandmarksApp.swift in Sources */,
				58E2842D2A12309100B551FC /* FavoriteButton.swift in Sources */,
				58631D0D2A120FCA000CD1DB /* LandmarkList.swift in Sources */,
				58E2842B2A1218E800B551FC /* LandmarkDetail.swift in Sources */,
				58631CFE2A1204DB000CD1DB /* CircleImage.swift in Sources */,
				58631D0F2A12115C000CD1DB /* ModelData.swift in Sources */,
				58631D042A120B20000CD1DB /* Landmark.swift in Sources */,
				58631D0B2A120D67000CD1DB /* LandmarkRow.swift in Sources */,
			);
			runOnlyForDeploymentPostprocessing = 0;
		};
/* End PBXSourcesBuildPhase section */

/* Begin XCBuildConfiguration section */
		58631CF82A120224000CD1DB /* Debug */ = {
			isa = XCBuildConfiguration;
			buildSettings = {
				ALWAYS_SEARCH_USER_PATHS = NO;
				CLANG_ANALYZER_NONNULL = YES;
				CLANG_ANALYZER_NUMBER_OBJECT_CONVERSION = YES_AGGRESSIVE;
				CLANG_CXX_LANGUAGE_STANDARD = "gnu++20";
				CLANG_ENABLE_MODULES = YES;
				CLANG_ENABLE_OBJC_ARC = YES;
				CLANG_ENABLE_OBJC_WEAK = YES;
				CLANG_WARN_BLOCK_CAPTURE_AUTORELEASING = YES;
				CLANG_WARN_BOOL_CONVERSION = YES;
				CLANG_WARN_COMMA = YES;
				CLANG_WARN_CONSTANT_CONVERSION = YES;
				CLANG_WARN_DEPRECATED_OBJC_IMPLEMENTATIONS = YES;
				CLANG_WARN_DIRECT_OBJC_ISA_USAGE = YES_ERROR;
				CLANG_WARN_DOCUMENTATION_COMMENTS = YES;
				CLANG_WARN_EMPTY_BODY = YES;
				CLANG_WARN_ENUM_CONVERSION = YES;
				CLANG_WARN_INFINITE_RECURSION = YES;
				CLANG_WARN_INT_CONVERSION = YES;
				CLANG_WARN_NON_LITERAL_NULL_CONVERSION = YES;
				CLANG_WARN_OBJC_IMPLICIT_RETAIN_SELF = YES;
				CLANG_WARN_OBJC_LITERAL_CONVERSION = YES;
				CLANG_WARN_OBJC_ROOT_CLASS = YES_ERROR;
				CLANG_WARN_QUOTED_INCLUDE_IN_FRAMEWORK_HEADER = YES;
				CLANG_WARN_RANGE_LOOP_ANALYSIS = YES;
				CLANG_WARN_STRICT_PROTOTYPES = YES;
				CLANG_WARN_SUSPICIOUS_MOVE = YES;
				CLANG_WARN_UNGUARDED_AVAILABILITY = YES_AGGRESSIVE;
				CLANG_WARN_UNREACHABLE_CODE = YES;
				CLANG_WARN__DUPLICATE_METHOD_MATCH = YES;
				COPY_PHASE_STRIP = NO;
				DEBUG_INFORMATION_FORMAT = dwarf;
				ENABLE_STRICT_OBJC_MSGSEND = YES;
				ENABLE_TESTABILITY = YES;
				GCC_C_LANGUAGE_STANDARD = gnu11;
				GCC_DYNAMIC_NO_PIC = NO;
				GCC_NO_COMMON_BLOCKS = YES;
				GCC_OPTIMIZATION_LEVEL = 0;
				GCC_PREPROCESSOR_DEFINITIONS = (
					"DEBUG=1",
					"$(inherited)",
				);
				GCC_WARN_64_TO_32_BIT_CONVERSION = YES;
				GCC_WARN_ABOUT_RETURN_TYPE = YES_ERROR;
				GCC_WARN_UNDECLARED_SELECTOR = YES;
				GCC_WARN_UNINITIALIZED_AUTOS = YES_AGGRESSIVE;
				GCC_WARN_UNUSED_FUNCTION = YES;
				GCC_WARN_UNUSED_VARIABLE = YES;
				IPHONEOS_DEPLOYMENT_TARGET = 16.2;
				MTL_ENABLE_DEBUG_INFO = INCLUDE_SOURCE;
				MTL_FAST_MATH = YES;
				ONLY_ACTIVE_ARCH = YES;
				SDKROOT = iphoneos;
				SWIFT_ACTIVE_COMPILATION_CONDITIONS = DEBUG;
				SWIFT_OPTIMIZATION_LEVEL = "-Onone";
			};
			name = Debug;
		};
		58631CF92A120224000CD1DB /* Release */ = {
			isa = XCBuildConfiguration;
			buildSettings = {
				ALWAYS_SEARCH_USER_PATHS = NO;
				CLANG_ANALYZER_NONNULL = YES;
				CLANG_ANALYZER_NUMBER_OBJECT_CONVERSION = YES_AGGRESSIVE;
				CLANG_CXX_LANGUAGE_STANDARD = "gnu++20";
				CLANG_ENABLE_MODULES = YES;
				CLANG_ENABLE_OBJC_ARC = YES;
				CLANG_ENABLE_OBJC_WEAK = YES;
				CLANG_WARN_BLOCK_CAPTURE_AUTORELEASING = YES;
				CLANG_WARN_BOOL_CONVERSION = YES;
				CLANG_WARN_COMMA = YES;
				CLANG_WARN_CONSTANT_CONVERSION = YES;
				CLANG_WARN_DEPRECATED_OBJC_IMPLEMENTATIONS = YES;
				CLANG_WARN_DIRECT_OBJC_ISA_USAGE = YES_ERROR;
				CLANG_WARN_DOCUMENTATION_COMMENTS = YES;
				CLANG_WARN_EMPTY_BODY = YES;
				CLANG_WARN_ENUM_CONVERSION = YES;
				CLANG_WARN_INFINITE_RECURSION = YES;
				CLANG_WARN_INT_CONVERSION = YES;
				CLANG_WARN_NON_LITERAL_NULL_CONVERSION = YES;
				CLANG_WARN_OBJC_IMPLICIT_RETAIN_SELF = YES;
				CLANG_WARN_OBJC_LITERAL_CONVERSION = YES;
				CLANG_WARN_OBJC_ROOT_CLASS = YES_ERROR;
				CLANG_WARN_QUOTED_INCLUDE_IN_FRAMEWORK_HEADER = YES;
				CLANG_WARN_RANGE_LOOP_ANALYSIS = YES;
				CLANG_WARN_STRICT_PROTOTYPES = YES;
				CLANG_WARN_SUSPICIOUS_MOVE = YES;
				CLANG_WARN_UNGUARDED_AVAILABILITY = YES_AGGRESSIVE;
				CLANG_WARN_UNREACHABLE_CODE = YES;
				CLANG_WARN__DUPLICATE_METHOD_MATCH = YES;
				COPY_PHASE_STRIP = NO;
				DEBUG_INFORMATION_FORMAT = "dwarf-with-dsym";
				ENABLE_NS_ASSERTIONS = NO;
				ENABLE_STRICT_OBJC_MSGSEND = YES;
				GCC_C_LANGUAGE_STANDARD = gnu11;
				GCC_NO_COMMON_BLOCKS = YES;
				GCC_WARN_64_TO_32_BIT_CONVERSION = YES;
				GCC_WARN_ABOUT_RETURN_TYPE = YES_ERROR;
				GCC_WARN_UNDECLARED_SELECTOR = YES;
				GCC_WARN_UNINITIALIZED_AUTOS = YES_AGGRESSIVE;
				GCC_WARN_UNUSED_FUNCTION = YES;
				GCC_WARN_UNUSED_VARIABLE = YES;
				IPHONEOS_DEPLOYMENT_TARGET = 16.2;
				MTL_ENABLE_DEBUG_INFO = NO;
				MTL_FAST_MATH = YES;
				SDKROOT = iphoneos;
				SWIFT_COMPILATION_MODE = wholemodule;
				SWIFT_OPTIMIZATION_LEVEL = "-O";
				VALIDATE_PRODUCT = YES;
			};
			name = Release;
		};
		58631CFB2A120224000CD1DB /* Debug */ = {
			isa = XCBuildConfiguration;
			buildSettings = {
				ASSETCATALOG_COMPILER_APPICON_NAME = AppIcon;
				ASSETCATALOG_COMPILER_GLOBAL_ACCENT_COLOR_NAME = AccentColor;
				CODE_SIGN_STYLE = Automatic;
				CURRENT_PROJECT_VERSION = 1;
				DEVELOPMENT_ASSET_PATHS = "\"Landmarks/Preview Content\"";
				DEVELOPMENT_TEAM = ATA9D86TU9;
				ENABLE_PREVIEWS = YES;
				GENERATE_INFOPLIST_FILE = YES;
				INFOPLIST_KEY_UIApplicationSceneManifest_Generation = YES;
				INFOPLIST_KEY_UIApplicationSupportsIndirectInputEvents = YES;
				INFOPLIST_KEY_UILaunchScreen_Generation = YES;
				INFOPLIST_KEY_UISupportedInterfaceOrientations_iPad = "UIInterfaceOrientationPortrait UIInterfaceOrientationPortraitUpsideDown UIInterfaceOrientationLandscapeLeft UIInterfaceOrientationLandscapeRight";
				INFOPLIST_KEY_UISupportedInterfaceOrientations_iPhone = "UIInterfaceOrientationPortrait UIInterfaceOrientationLandscapeLeft UIInterfaceOrientationLandscapeRight";
				LD_RUNPATH_SEARCH_PATHS = (
					"$(inherited)",
					"@executable_path/Frameworks",
				);
				MARKETING_VERSION = 1.0;
				PRODUCT_BUNDLE_IDENTIFIER = "com.OliveWatchTest-Kimminjong.www.Landmarks";
				PRODUCT_NAME = "$(TARGET_NAME)";
				SWIFT_EMIT_LOC_STRINGS = YES;
				SWIFT_VERSION = 5.0;
				TARGETED_DEVICE_FAMILY = "1,2";
			};
			name = Debug;
		};
		58631CFC2A120224000CD1DB /* Release */ = {
			isa = XCBuildConfiguration;
			buildSettings = {
				ASSETCATALOG_COMPILER_APPICON_NAME = AppIcon;
				ASSETCATALOG_COMPILER_GLOBAL_ACCENT_COLOR_NAME = AccentColor;
				CODE_SIGN_STYLE = Automatic;
				CURRENT_PROJECT_VERSION = 1;
				DEVELOPMENT_ASSET_PATHS = "\"Landmarks/Preview Content\"";
				DEVELOPMENT_TEAM = ATA9D86TU9;
				ENABLE_PREVIEWS = YES;
				GENERATE_INFOPLIST_FILE = YES;
				INFOPLIST_KEY_UIApplicationSceneManifest_Generation = YES;
				INFOPLIST_KEY_UIApplicationSupportsIndirectInputEvents = YES;
				INFOPLIST_KEY_UILaunchScreen_Generation = YES;
				INFOPLIST_KEY_UISupportedInterfaceOrientations_iPad = "UIInterfaceOrientationPortrait UIInterfaceOrientationPortraitUpsideDown UIInterfaceOrientationLandscapeLeft UIInterfaceOrientationLandscapeRight";
				INFOPLIST_KEY_UISupportedInterfaceOrientations_iPhone = "UIInterfaceOrientationPortrait UIInterfaceOrientationLandscapeLeft UIInterfaceOrientationLandscapeRight";
				LD_RUNPATH_SEARCH_PATHS = (
					"$(inherited)",
					"@executable_path/Frameworks",
				);
				MARKETING_VERSION = 1.0;
				PRODUCT_BUNDLE_IDENTIFIER = "com.OliveWatchTest-Kimminjong.www.Landmarks";
				PRODUCT_NAME = "$(TARGET_NAME)";
				SWIFT_EMIT_LOC_STRINGS = YES;
				SWIFT_VERSION = 5.0;
				TARGETED_DEVICE_FAMILY = "1,2";
			};
			name = Release;
		};
/* End XCBuildConfiguration section */

/* Begin XCConfigurationList section */
		58631CE72A120223000CD1DB /* Build configuration list for PBXProject "Landmarks" */ = {
			isa = XCConfigurationList;
			buildConfigurations = (
				58631CF82A120224000CD1DB /* Debug */,
				58631CF92A120224000CD1DB /* Release */,
			);
			defaultConfigurationIsVisible = 0;
			defaultConfigurationName = Release;
		};
		58631CFA2A120224000CD1DB /* Build configuration list for PBXNativeTarget "Landmarks" */ = {
			isa = XCConfigurationList;
			buildConfigurations = (
				58631CFB2A120224000CD1DB /* Debug */,
				58631CFC2A120224000CD1DB /* Release */,
			);
			defaultConfigurationIsVisible = 0;
			defaultConfigurationName = Release;
		};
/* End XCConfigurationList section */
	};
	rootObject = 58631CE42A120223000CD1DB /* Project object */;
}
